// !$*UTF8*$!
{
	archiveVersion = 1;
	classes = {
	};
	objectVersion = 46;
	objects = {

/* Begin PBXBuildFile section */
		EEBB3B071D5DE19E00915636 /* AppDelegate.swift in Sources */ = {isa = PBXBuildFile; fileRef = EEBB3B061D5DE19E00915636 /* AppDelegate.swift */; };
		EEBB3B091D5DE19E00915636 /* FirstViewController.swift in Sources */ = {isa = PBXBuildFile; fileRef = EEBB3B081D5DE19E00915636 /* FirstViewController.swift */; };
		EEBB3B0B1D5DE19E00915636 /* SecondViewController.swift in Sources */ = {isa = PBXBuildFile; fileRef = EEBB3B0A1D5DE19E00915636 /* SecondViewController.swift */; };
		EEBB3B0E1D5DE19E00915636 /* Main.storyboard in Resources */ = {isa = PBXBuildFile; fileRef = EEBB3B0C1D5DE19E00915636 /* Main.storyboard */; };
		EEBB3B101D5DE19E00915636 /* Assets.xcassets in Resources */ = {isa = PBXBuildFile; fileRef = EEBB3B0F1D5DE19E00915636 /* Assets.xcassets */; };
		EEBB3B131D5DE19E00915636 /* LaunchScreen.storyboard in Resources */ = {isa = PBXBuildFile; fileRef = EEBB3B111D5DE19E00915636 /* LaunchScreen.storyboard */; };
/* End PBXBuildFile section */

/* Begin PBXFileReference section */
		EEBB3B031D5DE19E00915636 /* test.app */ = {isa = PBXFileReference; explicitFileType = wrapper.application; includeInIndex = 0; path = test.app; sourceTree = BUILT_PRODUCTS_DIR; };
		EEBB3B061D5DE19E00915636 /* AppDelegate.swift */ = {isa = PBXFileReference; lastKnownFileType = sourcecode.swift; path = AppDelegate.swift; sourceTree = "<group>"; };
		EEBB3B081D5DE19E00915636 /* FirstViewController.swift */ = {isa = PBXFileReference; lastKnownFileType = sourcecode.swift; path = FirstViewController.swift; sourceTree = "<group>"; };
		EEBB3B0A1D5DE19E00915636 /* SecondViewController.swift */ = {isa = PBXFileReference; lastKnownFileType = sourcecode.swift; path = SecondViewController.swift; sourceTree = "<group>"; };
		EEBB3B0D1D5DE19E00915636 /* Base */ = {isa = PBXFileReference; lastKnownFileType = file.storyboard; name = Base; path = Base.lproj/Main.storyboard; sourceTree = "<group>"; };
		EEBB3B0F1D5DE19E00915636 /* Assets.xcassets */ = {isa = PBXFileReference; lastKnownFileType = folder.assetcatalog; path = Assets.xcassets; sourceTree = "<group>"; };
		EEBB3B121D5DE19E00915636 /* Base */ = {isa = PBXFileReference; lastKnownFileType = file.storyboard; name = Base; path = Base.lproj/LaunchScreen.storyboard; sourceTree = "<group>"; };
		EEBB3B141D5DE19E00915636 /* Info.plist */ = {isa = PBXFileReference; lastKnownFileType = text.plist.xml; path = Info.plist; sourceTree = "<group>"; };
/* End PBXFileReference section */

/* Begin PBXFrameworksBuildPhase section */
		EEBB3B001D5DE19E00915636 /* Frameworks */ = {
			isa = PBXFrameworksBuildPhase;
			buildActionMask = 2147483647;
			files = (
			);
			runOnlyForDeploymentPostprocessing = 0;
		};
/* End PBXFrameworksBuildPhase section */

/* Begin PBXGroup section */
		EEBB3AFA1D5DE19E00915636 = {
			isa = PBXGroup;
			children = (
				EEBB3B051D5DE19E00915636 /* test */,
				EEBB3B041D5DE19E00915636 /* Products */,
			);
			sourceTree = "<group>";
		};
		EEBB3B041D5DE19E00915636 /* Products */ = {
			isa = PBXGroup;
			children = (
				EEBB3B031D5DE19E00915636 /* test.app */,
			);
			name = Products;
			sourceTree = "<group>";
		};
		EEBB3B051D5DE19E00915636 /* test */ = {
			isa = PBXGroup;
			children = (
				EEBB3B061D5DE19E00915636 /* AppDelegate.swift */,
				EEBB3B081D5DE19E00915636 /* FirstViewController.swift */,
				EEBB3B0A1D5DE19E00915636 /* SecondViewController.swift */,
				EEBB3B0C1D5DE19E00915636 /* Main.storyboard */,
				EEBB3B0F1D5DE19E00915636 /* Assets.xcassets */,
				EEBB3B111D5DE19E00915636 /* LaunchScreen.storyboard */,
				EEBB3B141D5DE19E00915636 /* Info.plist */,
			);
			path = test;
			sourceTree = "<group>";
		};
/* End PBXGroup section */

/* Begin PBXNativeTarget section */
		EEBB3B021D5DE19E00915636 /* test */ = {
			isa = PBXNativeTarget;
			buildConfigurationList = EEBB3B171D5DE19E00915636 /* Build configuration list for PBXNativeTarget "test" */;
			buildPhases = (
				EEBB3AFF1D5DE19E00915636 /* Sources */,
				EEBB3B001D5DE19E00915636 /* Frameworks */,
				EEBB3B011D5DE19E00915636 /* Resources */,
			);
			buildRules = (
			);
			dependencies = (
			);
			name = test;
			productName = test;
			productReference = EEBB3B031D5DE19E00915636 /* test.app */;
			productType = "com.apple.product-type.application";
		};
/* End PBXNativeTarget section */

/* Begin PBXProject section */
		EEBB3AFB1D5DE19E00915636 /* Project object */ = {
			isa = PBXProject;
			attributes = {
				LastSwiftUpdateCheck = 0730;
				LastUpgradeCheck = 0730;
				ORGANIZATIONNAME = Nd;
				TargetAttributes = {
					EEBB3B021D5DE19E00915636 = {
						CreatedOnToolsVersion = 7.3.1;
					};
				};
			};
			buildConfigurationList = EEBB3AFE1D5DE19E00915636 /* Build configuration list for PBXProject "test" */;
			compatibilityVersion = "Xcode 3.2";
			developmentRegion = English;
			hasScannedForEncodings = 0;
			knownRegions = (
				en,
				Base,
			);
			mainGroup = EEBB3AFA1D5DE19E00915636;
			productRefGroup = EEBB3B041D5DE19E00915636 /* Products */;
			projectDirPath = "";
			projectRoot = "";
			targets = (
				EEBB3B021D5DE19E00915636 /* test */,
			);
		};
/* End PBXProject section */

/* Begin PBXResourcesBuildPhase section */
		EEBB3B011D5DE19E00915636 /* Resources */ = {
			isa = PBXResourcesBuildPhase;
			buildActionMask = 2147483647;
			files = (
				EEBB3B131D5DE19E00915636 /* LaunchScreen.storyboard in Resources */,
				EEBB3B101D5DE19E00915636 /* Assets.xcassets in Resources */,
				EEBB3B0E1D5DE19E00915636 /* Main.storyboard in Resources */,
			);
			runOnlyForDeploymentPostprocessing = 0;
		};
/* End PBXResourcesBuildPhase section */

/* Begin PBXSourcesBuildPhase section */
		EEBB3AFF1D5DE19E00915636 /* Sources */ = {
			isa = PBXSourcesBuildPhase;
			buildActionMask = 2147483647;
			files = (
				EEBB3B0B1D5DE19E00915636 /* SecondViewController.swift in Sources */,
				EEBB3B071D5DE19E00915636 /* AppDelegate.swift in Sources */,
				EEBB3B091D5DE19E00915636 /* FirstViewController.swift in Sources */,
			);
			runOnlyForDeploymentPostprocessing = 0;
		};
/* End PBXSourcesBuildPhase section */

/* Begin PBXVariantGroup section */
		EEBB3B0C1D5DE19E00915636 /* Main.storyboard */ = {
			isa = PBXVariantGroup;
			children = (
				EEBB3B0D1D5DE19E00915636 /* Base */,
			);
			name = Main.storyboard;
			sourceTree = "<group>";
		};
		EEBB3B111D5DE19E00915636 /* LaunchScreen.storyboard */ = {
			isa = PBXVariantGroup;
			children = (
				EEBB3B121D5DE19E00915636 /* Base */,
			);
			name = LaunchScreen.storyboard;
			sourceTree = "<group>";
		};
/* End PBXVariantGroup section */

/* Begin XCBuildConfiguration section */
		EEBB3B151D5DE19E00915636 /* Debug */ = {
			isa = XCBuildConfiguration;
			buildSettings = {
				ALWAYS_SEARCH_USER_PATHS = NO;
				CLANG_ANALYZER_NONNULL = YES;
				CLANG_CXX_LANGUAGE_STANDARD = "gnu++0x";
				CLANG_CXX_LIBRARY = "libc++";
				CLANG_ENABLE_MODULES = YES;
				CLANG_ENABLE_OBJC_ARC = YES;
				CLANG_WARN_BOOL_CONVERSION = YES;
				CLANG_WARN_CONSTANT_CONVERSION = YES;
				CLANG_WARN_DIRECT_OBJC_ISA_USAGE = YES_ERROR;
				CLANG_WARN_EMPTY_BODY = YES;
				CLANG_WARN_ENUM_CONVERSION = YES;
				CLANG_WARN_INT_CONVERSION = YES;
				CLANG_WARN_OBJC_ROOT_CLASS = YES_ERROR;
				CLANG_WARN_UNREACHABLE_CODE = YES;
				CLANG_WARN__DUPLICATE_METHOD_MATCH = YES;
				"CODE_SIGN_IDENTITY[sdk=iphoneos*]" = "iPhone Developer";
				COPY_PHASE_STRIP = NO;
				DEBUG_INFORMATION_FORMAT = dwarf;
				ENABLE_STRICT_OBJC_MSGSEND = YES;
				ENABLE_TESTABILITY = YES;
				GCC_C_LANGUAGE_STANDARD = gnu99;
				GCC_DYNAMIC_NO_PIC = NO;
				GCC_NO_COMMON_BLOCKS = YES;
				GCC_OPTIMIZATION_LEVEL = 0;
				GCC_PREPROCESSOR_DEFINITIONS = (
					"DEBUG=1",
					"$(inherited)",
				);
				GCC_WARN_64_TO_32_BIT_CONVERSION = YES;
				GCC_WARN_ABOUT_RETURN_TYPE = YES_ERROR;
				GCC_WARN_UNDECLARED_SELECTOR = YES;
				GCC_WARN_UNINITIALIZED_AUTOS = YES_AGGRESSIVE;
				GCC_WARN_UNUSED_FUNCTION = YES;
				GCC_WARN_UNUSED_VARIABLE = YES;
				IPHONEOS_DEPLOYMENT_TARGET = 9.3;
				MTL_ENABLE_DEBUG_INFO = YES;
				ONLY_ACTIVE_ARCH = YES;
				SDKROOT = iphoneos;
				SWIFT_OPTIMIZATION_LEVEL = "-Onone";
			};
			name = Debug;
		};
		EEBB3B161D5DE19E00915636 /* Release */ = {
			isa = XCBuildConfiguration;
			buildSettings = {
				ALWAYS_SEARCH_USER_PATHS = NO;
				CLANG_ANALYZER_NONNULL = YES;
				CLANG_CXX_LANGUAGE_STANDARD = "gnu++0x";
				CLANG_CXX_LIBRARY = "libc++";
				CLANG_ENABLE_MODULES = YES;
				CLANG_ENABLE_OBJC_ARC = YES;
				CLANG_WARN_BOOL_CONVERSION = YES;
				CLANG_WARN_CONSTANT_CONVERSION = YES;
				CLANG_WARN_DIRECT_OBJC_ISA_USAGE = YES_ERROR;
				CLANG_WARN_EMPTY_BODY = YES;
				CLANG_WARN_ENUM_CONVERSION = YES;
				CLANG_WARN_INT_CONVERSION = YES;
				CLANG_WARN_OBJC_ROOT_CLASS = YES_ERROR;
				CLANG_WARN_UNREACHABLE_CODE = YES;
				CLANG_WARN__DUPLICATE_METHOD_MATCH = YES;
				"CODE_SIGN_IDENTITY[sdk=iphoneos*]" = "iPhone Developer";
				COPY_PHASE_STRIP = NO;
				DEBUG_INFORMATION_FORMAT = "dwarf-with-dsym";
				ENABLE_NS_ASSERTIONS = NO;
				ENABLE_STRICT_OBJC_MSGSEND = YES;
				GCC_C_LANGUAGE_STANDARD = gnu99;
				GCC_NO_COMMON_BLOCKS = YES;
				GCC_WARN_64_TO_32_BIT_CONVERSION = YES;
				GCC_WARN_ABOUT_RETURN_TYPE = YES_ERROR;
				GCC_WARN_UNDECLARED_SELECTOR = YES;
				GCC_WARN_UNINITIALIZED_AUTOS = YES_AGGRESSIVE;
				GCC_WARN_UNUSED_FUNCTION = YES;
				GCC_WARN_UNUSED_VARIABLE = YES;
				IPHONEOS_DEPLOYMENT_TARGET = 9.3;
				MTL_ENABLE_DEBUG_INFO = NO;
				SDKROOT = iphoneos;
				VALIDATE_PRODUCT = YES;
			};
			name = Release;
		};
		EEBB3B181D5DE19E00915636 /* Debug */ = {
			isa = XCBuildConfiguration;
			buildSettings = {
				ASSETCATALOG_COMPILER_APPICON_NAME = AppIcon;
				INFOPLIST_FILE = test/Info.plist;
				LD_RUNPATH_SEARCH_PATHS = "$(inherited) @executable_path/Frameworks";
				PRODUCT_BUNDLE_IDENTIFIER = "Nihar-devineni.test";
				PRODUCT_NAME = "$(TARGET_NAME)";
			};
			name = Debug;
		};
		EEBB3B191D5DE19E00915636 /* Release */ = {
			isa = XCBuildConfiguration;
			buildSettings = {
				ASSETCATALOG_COMPILER_APPICON_NAME = AppIcon;
				INFOPLIST_FILE = test/Info.plist;
				LD_RUNPATH_SEARCH_PATHS = "$(inherited) @executable_path/Frameworks";
				PRODUCT_BUNDLE_IDENTIFIER = "Nihar-devineni.test";
				PRODUCT_NAME = "$(TARGET_NAME)";
			};
			name = Release;
		};
/* End XCBuildConfiguration section */

/* Begin XCConfigurationList section */
		EEBB3AFE1D5DE19E00915636 /* Build configuration list for PBXProject "test" */ = {
			isa = XCConfigurationList;
			buildConfigurations = (
				EEBB3B151D5DE19E00915636 /* Debug */,
				EEBB3B161D5DE19E00915636 /* Release */,
			);
			defaultConfigurationIsVisible = 0;
			defaultConfigurationName = Release;
		};
		EEBB3B171D5DE19E00915636 /* Build configuration list for PBXNativeTarget "test" */ = {
			isa = XCConfigurationList;
			buildConfigurations = (
				EEBB3B181D5DE19E00915636 /* Debug */,
				EEBB3B191D5DE19E00915636 /* Release */,
			);
			defaultConfigurationIsVisible = 0;
		};
/* End XCConfigurationList section */
	};
	rootObject = EEBB3AFB1D5DE19E00915636 /* Project object */;
}
